
Microsoft Visual Studio Solution File, Format Version 12.00
# Visual Studio 2012
Project("{FAE04EC0-301F-11D3-BF4B-00C04F79EFBC}") = "SonidoAnimales.Consola", "SonidoAnimales.Consola\SonidoAnimales.Consola.csproj", "{5AB6A7B2-7151-41A8-8C63-3C76EF539F63}"
EndProject
Project("{FAE04EC0-301F-11D3-BF4B-00C04F79EFBC}") = "SonidosAnimales.Libreria", "SonidosAnimales.Libreria\SonidosAnimales.Libreria.csproj", "{90556271-754E-41C9-A304-E2FDFEEE3271}"
EndProject
Global
	GlobalSection(SolutionConfigurationPlatforms) = preSolution
		Debug|Any CPU = Debug|Any CPU
		Release|Any CPU = Release|Any CPU
	EndGlobalSection
	GlobalSection(ProjectConfigurationPlatforms) = postSolution
		{5AB6A7B2-7151-41A8-8C63-3C76EF539F63}.Debug|Any CPU.ActiveCfg = Debug|Any CPU
		{5AB6A7B2-7151-41A8-8C63-3C76EF539F63}.Debug|Any CPU.Build.0 = Debug|Any CPU
		{5AB6A7B2-7151-41A8-8C63-3C76EF539F63}.Release|Any CPU.ActiveCfg = Release|Any CPU
		{5AB6A7B2-7151-41A8-8C63-3C76EF539F63}.Release|Any CPU.Build.0 = Release|Any CPU
		{90556271-754E-41C9-A304-E2FDFEEE3271}.Debug|Any CPU.ActiveCfg = Debug|Any CPU
		{90556271-754E-41C9-A304-E2FDFEEE3271}.Debug|Any CPU.Build.0 = Debug|Any CPU
		{90556271-754E-41C9-A304-E2FDFEEE3271}.Release|Any CPU.ActiveCfg = Release|Any CPU
		{90556271-754E-41C9-A304-E2FDFEEE3271}.Release|Any CPU.Build.0 = Release|Any CPU
	EndGlobalSection
	GlobalSection(SolutionProperties) = preSolution
		HideSolutionNode = FALSE
	EndGlobalSection
EndGlobal
